Microsoft Visual Studio Solution File, Format Version 11.00
# Visual Studio 2008

Project("{74B66FF5-6987-CB51-DF4F-9E736BF3F571}") = "zwtg2016", "Assembly-CSharp-firstpass.csproj", "{A89D5BE2-60A1-241D-E8CC-0288543EA07A}"
EndProject
Project("{74B66FF5-6987-CB51-DF4F-9E736BF3F571}") = "zwtg2016", "Assembly-CSharp.csproj", "{EE10B70E-2229-BEAE-B783-74E52D735ED0}"
EndProject
Project("{74B66FF5-6987-CB51-DF4F-9E736BF3F571}") = "zwtg2016", "Assembly-CSharp-Editor.csproj", "{B3281187-983C-4736-6A5A-770D9EFD3EC8}"
EndProject
Global
	GlobalSection(SolutionConfigurationPlatforms) = preSolution
		Debug|Any CPU = Debug|Any CPU
		Release|Any CPU = Release|Any CPU
	EndGlobalSection
	GlobalSection(ProjectConfigurationPlatforms) = postSolution
		{A89D5BE2-60A1-241D-E8CC-0288543EA07A}.Debug|Any CPU.ActiveCfg = Debug|Any CPU
		{A89D5BE2-60A1-241D-E8CC-0288543EA07A}.Debug|Any CPU.Build.0 = Debug|Any CPU
		{A89D5BE2-60A1-241D-E8CC-0288543EA07A}.Release|Any CPU.ActiveCfg = Release|Any CPU
		{A89D5BE2-60A1-241D-E8CC-0288543EA07A}.Release|Any CPU.Build.0 = Release|Any CPU
		{EE10B70E-2229-BEAE-B783-74E52D735ED0}.Debug|Any CPU.ActiveCfg = Debug|Any CPU
		{EE10B70E-2229-BEAE-B783-74E52D735ED0}.Debug|Any CPU.Build.0 = Debug|Any CPU
		{EE10B70E-2229-BEAE-B783-74E52D735ED0}.Release|Any CPU.ActiveCfg = Release|Any CPU
		{EE10B70E-2229-BEAE-B783-74E52D735ED0}.Release|Any CPU.Build.0 = Release|Any CPU
		{B3281187-983C-4736-6A5A-770D9EFD3EC8}.Debug|Any CPU.ActiveCfg = Debug|Any CPU
		{B3281187-983C-4736-6A5A-770D9EFD3EC8}.Debug|Any CPU.Build.0 = Debug|Any CPU
		{B3281187-983C-4736-6A5A-770D9EFD3EC8}.Release|Any CPU.ActiveCfg = Release|Any CPU
		{B3281187-983C-4736-6A5A-770D9EFD3EC8}.Release|Any CPU.Build.0 = Release|Any CPU
	EndGlobalSection
	GlobalSection(SolutionProperties) = preSolution
		HideSolutionNode = FALSE
	EndGlobalSection
	GlobalSection(MonoDevelopProperties) = preSolution
		StartupItem = Assembly-CSharp.csproj
	EndGlobalSection
EndGlobal
