
Microsoft Visual Studio Solution File, Format Version 12.00
# Visual Studio 2015
Project("{FAE04EC0-301F-11D3-BF4B-00C04F79EFBC}") = "zwtg2016.CSharp.Plugins", "zwtg2016.CSharp.Plugins.csproj", "{3E89E2D6-E08A-484E-B2BF-C457C5589572}"
EndProject
Project("{FAE04EC0-301F-11D3-BF4B-00C04F79EFBC}") = "zwtg2016.CSharp", "zwtg2016.CSharp.csproj", "{B7C2C17A-0631-B133-7C1A-B23CDF2E8ABB}"
EndProject
Project("{FAE04EC0-301F-11D3-BF4B-00C04F79EFBC}") = "zwtg2016.CSharp.Editor", "zwtg2016.CSharp.Editor.csproj", "{73828279-B1A4-C955-D2D2-742386EBEF4E}"
EndProject
Global
	GlobalSection(SolutionConfigurationPlatforms) = preSolution
		Debug|Any CPU = Debug|Any CPU
		Release|Any CPU = Release|Any CPU
	EndGlobalSection
	GlobalSection(ProjectConfigurationPlatforms) = postSolution
		{3E89E2D6-E08A-484E-B2BF-C457C5589572}.Debug|Any CPU.ActiveCfg = Debug|Any CPU
		{3E89E2D6-E08A-484E-B2BF-C457C5589572}.Debug|Any CPU.Build.0 = Debug|Any CPU
		{3E89E2D6-E08A-484E-B2BF-C457C5589572}.Release|Any CPU.ActiveCfg = Release|Any CPU
		{3E89E2D6-E08A-484E-B2BF-C457C5589572}.Release|Any CPU.Build.0 = Release|Any CPU
		{B7C2C17A-0631-B133-7C1A-B23CDF2E8ABB}.Debug|Any CPU.ActiveCfg = Debug|Any CPU
		{B7C2C17A-0631-B133-7C1A-B23CDF2E8ABB}.Debug|Any CPU.Build.0 = Debug|Any CPU
		{B7C2C17A-0631-B133-7C1A-B23CDF2E8ABB}.Release|Any CPU.ActiveCfg = Release|Any CPU
		{B7C2C17A-0631-B133-7C1A-B23CDF2E8ABB}.Release|Any CPU.Build.0 = Release|Any CPU
		{73828279-B1A4-C955-D2D2-742386EBEF4E}.Debug|Any CPU.ActiveCfg = Debug|Any CPU
		{73828279-B1A4-C955-D2D2-742386EBEF4E}.Debug|Any CPU.Build.0 = Debug|Any CPU
		{73828279-B1A4-C955-D2D2-742386EBEF4E}.Release|Any CPU.ActiveCfg = Release|Any CPU
		{73828279-B1A4-C955-D2D2-742386EBEF4E}.Release|Any CPU.Build.0 = Release|Any CPU
	EndGlobalSection
	GlobalSection(SolutionProperties) = preSolution
		HideSolutionNode = FALSE
	EndGlobalSection
EndGlobal
