
Microsoft Visual Studio Solution File, Format Version 12.00
# Visual Studio 2015
Project("{FAE04EC0-301F-11D3-BF4B-00C04F79EFBC}") = "zwtg2016.Plugins", "zwtg2016.Plugins.csproj", "{3A5D3A88-E029-C165-3D39-113AC85F78E1}"
EndProject
Project("{FAE04EC0-301F-11D3-BF4B-00C04F79EFBC}") = "zwtg2016", "zwtg2016.csproj", "{5FED409A-D786-BDCA-D65C-C980D313D758}"
EndProject
Project("{FAE04EC0-301F-11D3-BF4B-00C04F79EFBC}") = "zwtg2016.Editor", "zwtg2016.Editor.csproj", "{AC320B5E-80E2-C071-361A-EF549328BC26}"
EndProject
Global
	GlobalSection(SolutionConfigurationPlatforms) = preSolution
		Debug|Any CPU = Debug|Any CPU
		Release|Any CPU = Release|Any CPU
	EndGlobalSection
	GlobalSection(ProjectConfigurationPlatforms) = postSolution
		{3A5D3A88-E029-C165-3D39-113AC85F78E1}.Debug|Any CPU.ActiveCfg = Debug|Any CPU
		{3A5D3A88-E029-C165-3D39-113AC85F78E1}.Debug|Any CPU.Build.0 = Debug|Any CPU
		{3A5D3A88-E029-C165-3D39-113AC85F78E1}.Release|Any CPU.ActiveCfg = Release|Any CPU
		{3A5D3A88-E029-C165-3D39-113AC85F78E1}.Release|Any CPU.Build.0 = Release|Any CPU
		{5FED409A-D786-BDCA-D65C-C980D313D758}.Debug|Any CPU.ActiveCfg = Debug|Any CPU
		{5FED409A-D786-BDCA-D65C-C980D313D758}.Debug|Any CPU.Build.0 = Debug|Any CPU
		{5FED409A-D786-BDCA-D65C-C980D313D758}.Release|Any CPU.ActiveCfg = Release|Any CPU
		{5FED409A-D786-BDCA-D65C-C980D313D758}.Release|Any CPU.Build.0 = Release|Any CPU
		{AC320B5E-80E2-C071-361A-EF549328BC26}.Debug|Any CPU.ActiveCfg = Debug|Any CPU
		{AC320B5E-80E2-C071-361A-EF549328BC26}.Debug|Any CPU.Build.0 = Debug|Any CPU
		{AC320B5E-80E2-C071-361A-EF549328BC26}.Release|Any CPU.ActiveCfg = Release|Any CPU
		{AC320B5E-80E2-C071-361A-EF549328BC26}.Release|Any CPU.Build.0 = Release|Any CPU
	EndGlobalSection
	GlobalSection(SolutionProperties) = preSolution
		HideSolutionNode = FALSE
	EndGlobalSection
EndGlobal
